
Microsoft Visual Studio Solution File, Format Version 12.00
# Visual Studio Version 17
VisualStudioVersion = 17.5.002.0
MinimumVisualStudioVersion = 10.0.40219.1
Project("{2150E333-8FDC-42A3-9474-1A3956D46DE8}") = "ToyStoreApp", "ToyStoreApp", "{9C204C09-E787-4363-9065-E81189895110}"
EndProject
Project("{9A19103F-16F7-4668-BE54-9A1E7A4F7556}") = "ToyStore.API", "ToyStoreApp\ToyStore.API\ToyStore.API.csproj", "{633A558C-FC5E-453D-B2DF-E4550F9C8948}"
EndProject
Global
	GlobalSection(SolutionConfigurationPlatforms) = preSolution
		Debug|Any CPU = Debug|Any CPU
		Release|Any CPU = Release|Any CPU
	EndGlobalSection
	GlobalSection(ProjectConfigurationPlatforms) = postSolution
		{633A558C-FC5E-453D-B2DF-E4550F9C8948}.Debug|Any CPU.ActiveCfg = Debug|Any CPU
		{633A558C-FC5E-453D-B2DF-E4550F9C8948}.Debug|Any CPU.Build.0 = Debug|Any CPU
		{633A558C-FC5E-453D-B2DF-E4550F9C8948}.Release|Any CPU.ActiveCfg = Release|Any CPU
		{633A558C-FC5E-453D-B2DF-E4550F9C8948}.Release|Any CPU.Build.0 = Release|Any CPU
	EndGlobalSection
	GlobalSection(SolutionProperties) = preSolution
		HideSolutionNode = FALSE
	EndGlobalSection
	GlobalSection(NestedProjects) = preSolution
		{633A558C-FC5E-453D-B2DF-E4550F9C8948} = {9C204C09-E787-4363-9065-E81189895110}
	EndGlobalSection
	GlobalSection(ExtensibilityGlobals) = postSolution
		SolutionGuid = {6F4D793C-4C62-4138-92EB-60500160039C}
	EndGlobalSection
EndGlobal
